
Microsoft Visual Studio Solution File, Format Version 12.00
# Visual Studio Version 16
VisualStudioVersion = 16.0.31313.79
MinimumVisualStudioVersion = 10.0.40219.1
Project("{FAE04EC0-301F-11D3-BF4B-00C04F79EFBC}") = "FMKaiin", "FMKyuyo\FMKaiin.csproj", "{3349168E-D5B6-4D37-81A1-0005ABC11A13}"
EndProject
Project("{FAE04EC0-301F-11D3-BF4B-00C04F79EFBC}") = "comset", "..\..\_Library\_All\comset\comset\comset.csproj", "{D333628D-4C88-4066-B16F-3B559A97D7EE}"
EndProject
Project("{FAE04EC0-301F-11D3-BF4B-00C04F79EFBC}") = "_AppPostInstall", "AppPostInstall\_AppPostInstall.csproj", "{4E04568F-A957-4837-ABED-A98F86FE1EB7}"
EndProject
Global
	GlobalSection(SolutionConfigurationPlatforms) = preSolution
		Debug|Any CPU = Debug|Any CPU
		Release|Any CPU = Release|Any CPU
	EndGlobalSection
	GlobalSection(ProjectConfigurationPlatforms) = postSolution
		{3349168E-D5B6-4D37-81A1-0005ABC11A13}.Debug|Any CPU.ActiveCfg = Debug|Any CPU
		{3349168E-D5B6-4D37-81A1-0005ABC11A13}.Debug|Any CPU.Build.0 = Debug|Any CPU
		{3349168E-D5B6-4D37-81A1-0005ABC11A13}.Release|Any CPU.ActiveCfg = Release|Any CPU
		{3349168E-D5B6-4D37-81A1-0005ABC11A13}.Release|Any CPU.Build.0 = Release|Any CPU
		{D333628D-4C88-4066-B16F-3B559A97D7EE}.Debug|Any CPU.ActiveCfg = Debug|Any CPU
		{D333628D-4C88-4066-B16F-3B559A97D7EE}.Debug|Any CPU.Build.0 = Debug|Any CPU
		{D333628D-4C88-4066-B16F-3B559A97D7EE}.Release|Any CPU.ActiveCfg = Release|Any CPU
		{D333628D-4C88-4066-B16F-3B559A97D7EE}.Release|Any CPU.Build.0 = Release|Any CPU
		{4E04568F-A957-4837-ABED-A98F86FE1EB7}.Debug|Any CPU.ActiveCfg = Debug|Any CPU
		{4E04568F-A957-4837-ABED-A98F86FE1EB7}.Debug|Any CPU.Build.0 = Debug|Any CPU
		{4E04568F-A957-4837-ABED-A98F86FE1EB7}.Release|Any CPU.ActiveCfg = Release|Any CPU
		{4E04568F-A957-4837-ABED-A98F86FE1EB7}.Release|Any CPU.Build.0 = Release|Any CPU
	EndGlobalSection
	GlobalSection(SolutionProperties) = preSolution
		HideSolutionNode = FALSE
	EndGlobalSection
	GlobalSection(ExtensibilityGlobals) = postSolution
		SolutionGuid = {13DF53EF-5C96-4C03-B610-95EF0EBDBBFE}
	EndGlobalSection
EndGlobal
